// !$*UTF8*$!
{
	archiveVersion = 1;
	classes = {
	};
	objectVersion = 46;
	objects = {

/* Begin PBXBuildFile section */
		64CF67A81ECB664C00E05CD7 /* AppDelegate.swift in Sources */ = {isa = PBXBuildFile; fileRef = 64CF67A71ECB664C00E05CD7 /* AppDelegate.swift */; };
		64CF67AA1ECB664C00E05CD7 /* ViewController.swift in Sources */ = {isa = PBXBuildFile; fileRef = 64CF67A91ECB664C00E05CD7 /* ViewController.swift */; };
		64CF67AD1ECB664C00E05CD7 /* Main.storyboard in Resources */ = {isa = PBXBuildFile; fileRef = 64CF67AB1ECB664C00E05CD7 /* Main.storyboard */; };
		64CF67AF1ECB664C00E05CD7 /* Assets.xcassets in Resources */ = {isa = PBXBuildFile; fileRef = 64CF67AE1ECB664C00E05CD7 /* Assets.xcassets */; };
		64CF67B21ECB664C00E05CD7 /* LaunchScreen.storyboard in Resources */ = {isa = PBXBuildFile; fileRef = 64CF67B01ECB664C00E05CD7 /* LaunchScreen.storyboard */; };
		64CF67BD1ECB664C00E05CD7 /* MiraclePillTests.swift in Sources */ = {isa = PBXBuildFile; fileRef = 64CF67BC1ECB664C00E05CD7 /* MiraclePillTests.swift */; };
		64CF67C81ECB664C00E05CD7 /* MiraclePillUITests.swift in Sources */ = {isa = PBXBuildFile; fileRef = 64CF67C71ECB664C00E05CD7 /* MiraclePillUITests.swift */; };
/* End PBXBuildFile section */

/* Begin PBXContainerItemProxy section */
		64CF67B91ECB664C00E05CD7 /* PBXContainerItemProxy */ = {
			isa = PBXContainerItemProxy;
			containerPortal = 64CF679C1ECB664B00E05CD7 /* Project object */;
			proxyType = 1;
			remoteGlobalIDString = 64CF67A31ECB664C00E05CD7;
			remoteInfo = MiraclePill;
		};
		64CF67C41ECB664C00E05CD7 /* PBXContainerItemProxy */ = {
			isa = PBXContainerItemProxy;
			containerPortal = 64CF679C1ECB664B00E05CD7 /* Project object */;
			proxyType = 1;
			remoteGlobalIDString = 64CF67A31ECB664C00E05CD7;
			remoteInfo = MiraclePill;
		};
/* End PBXContainerItemProxy section */

/* Begin PBXFileReference section */
		64CF67A41ECB664C00E05CD7 /* MiraclePill.app */ = {isa = PBXFileReference; explicitFileType = wrapper.application; includeInIndex = 0; path = MiraclePill.app; sourceTree = BUILT_PRODUCTS_DIR; };
		64CF67A71ECB664C00E05CD7 /* AppDelegate.swift */ = {isa = PBXFileReference; lastKnownFileType = sourcecode.swift; path = AppDelegate.swift; sourceTree = "<group>"; };
		64CF67A91ECB664C00E05CD7 /* ViewController.swift */ = {isa = PBXFileReference; lastKnownFileType = sourcecode.swift; path = ViewController.swift; sourceTree = "<group>"; };
		64CF67AC1ECB664C00E05CD7 /* Base */ = {isa = PBXFileReference; lastKnownFileType = file.storyboard; name = Base; path = Base.lproj/Main.storyboard; sourceTree = "<group>"; };
		64CF67AE1ECB664C00E05CD7 /* Assets.xcassets */ = {isa = PBXFileReference; lastKnownFileType = folder.assetcatalog; path = Assets.xcassets; sourceTree = "<group>"; };
		64CF67B11ECB664C00E05CD7 /* Base */ = {isa = PBXFileReference; lastKnownFileType = file.storyboard; name = Base; path = Base.lproj/LaunchScreen.storyboard; sourceTree = "<group>"; };
		64CF67B31ECB664C00E05CD7 /* Info.plist */ = {isa = PBXFileReference; lastKnownFileType = text.plist.xml; path = Info.plist; sourceTree = "<group>"; };
		64CF67B81ECB664C00E05CD7 /* MiraclePillTests.xctest */ = {isa = PBXFileReference; explicitFileType = wrapper.cfbundle; includeInIndex = 0; path = MiraclePillTests.xctest; sourceTree = BUILT_PRODUCTS_DIR; };
		64CF67BC1ECB664C00E05CD7 /* MiraclePillTests.swift */ = {isa = PBXFileReference; lastKnownFileType = sourcecode.swift; path = MiraclePillTests.swift; sourceTree = "<group>"; };
		64CF67BE1ECB664C00E05CD7 /* Info.plist */ = {isa = PBXFileReference; lastKnownFileType = text.plist.xml; path = Info.plist; sourceTree = "<group>"; };
		64CF67C31ECB664C00E05CD7 /* MiraclePillUITests.xctest */ = {isa = PBXFileReference; explicitFileType = wrapper.cfbundle; includeInIndex = 0; path = MiraclePillUITests.xctest; sourceTree = BUILT_PRODUCTS_DIR; };
		64CF67C71ECB664C00E05CD7 /* MiraclePillUITests.swift */ = {isa = PBXFileReference; lastKnownFileType = sourcecode.swift; path = MiraclePillUITests.swift; sourceTree = "<group>"; };
		64CF67C91ECB664C00E05CD7 /* Info.plist */ = {isa = PBXFileReference; lastKnownFileType = text.plist.xml; path = Info.plist; sourceTree = "<group>"; };
/* End PBXFileReference section */

/* Begin PBXFrameworksBuildPhase section */
		64CF67A11ECB664C00E05CD7 /* Frameworks */ = {
			isa = PBXFrameworksBuildPhase;
			buildActionMask = 2147483647;
			files = (
			);
			runOnlyForDeploymentPostprocessing = 0;
		};
		64CF67B51ECB664C00E05CD7 /* Frameworks */ = {
			isa = PBXFrameworksBuildPhase;
			buildActionMask = 2147483647;
			files = (
			);
			runOnlyForDeploymentPostprocessing = 0;
		};
		64CF67C01ECB664C00E05CD7 /* Frameworks */ = {
			isa = PBXFrameworksBuildPhase;
			buildActionMask = 2147483647;
			files = (
			);
			runOnlyForDeploymentPostprocessing = 0;
		};
/* End PBXFrameworksBuildPhase section */

/* Begin PBXGroup section */
		64CF679B1ECB664B00E05CD7 = {
			isa = PBXGroup;
			children = (
				64CF67A61ECB664C00E05CD7 /* MiraclePill */,
				64CF67BB1ECB664C00E05CD7 /* MiraclePillTests */,
				64CF67C61ECB664C00E05CD7 /* MiraclePillUITests */,
				64CF67A51ECB664C00E05CD7 /* Products */,
			);
			sourceTree = "<group>";
		};
		64CF67A51ECB664C00E05CD7 /* Products */ = {
			isa = PBXGroup;
			children = (
				64CF67A41ECB664C00E05CD7 /* MiraclePill.app */,
				64CF67B81ECB664C00E05CD7 /* MiraclePillTests.xctest */,
				64CF67C31ECB664C00E05CD7 /* MiraclePillUITests.xctest */,
			);
			name = Products;
			sourceTree = "<group>";
		};
		64CF67A61ECB664C00E05CD7 /* MiraclePill */ = {
			isa = PBXGroup;
			children = (
				64CF67A71ECB664C00E05CD7 /* AppDelegate.swift */,
				64CF67A91ECB664C00E05CD7 /* ViewController.swift */,
				64CF67AB1ECB664C00E05CD7 /* Main.storyboard */,
				64CF67AE1ECB664C00E05CD7 /* Assets.xcassets */,
				64CF67B01ECB664C00E05CD7 /* LaunchScreen.storyboard */,
				64CF67B31ECB664C00E05CD7 /* Info.plist */,
			);
			path = MiraclePill;
			sourceTree = "<group>";
		};
		64CF67BB1ECB664C00E05CD7 /* MiraclePillTests */ = {
			isa = PBXGroup;
			children = (
				64CF67BC1ECB664C00E05CD7 /* MiraclePillTests.swift */,
				64CF67BE1ECB664C00E05CD7 /* Info.plist */,
			);
			path = MiraclePillTests;
			sourceTree = "<group>";
		};
		64CF67C61ECB664C00E05CD7 /* MiraclePillUITests */ = {
			isa = PBXGroup;
			children = (
				64CF67C71ECB664C00E05CD7 /* MiraclePillUITests.swift */,
				64CF67C91ECB664C00E05CD7 /* Info.plist */,
			);
			path = MiraclePillUITests;
			sourceTree = "<group>";
		};
/* End PBXGroup section */

/* Begin PBXNativeTarget section */
		64CF67A31ECB664C00E05CD7 /* MiraclePill */ = {
			isa = PBXNativeTarget;
			buildConfigurationList = 64CF67CC1ECB664C00E05CD7 /* Build configuration list for PBXNativeTarget "MiraclePill" */;
			buildPhases = (
				64CF67A01ECB664C00E05CD7 /* Sources */,
				64CF67A11ECB664C00E05CD7 /* Frameworks */,
				64CF67A21ECB664C00E05CD7 /* Resources */,
			);
			buildRules = (
			);
			dependencies = (
			);
			name = MiraclePill;
			productName = MiraclePill;
			productReference = 64CF67A41ECB664C00E05CD7 /* MiraclePill.app */;
			productType = "com.apple.product-type.application";
		};
		64CF67B71ECB664C00E05CD7 /* MiraclePillTests */ = {
			isa = PBXNativeTarget;
			buildConfigurationList = 64CF67CF1ECB664C00E05CD7 /* Build configuration list for PBXNativeTarget "MiraclePillTests" */;
			buildPhases = (
				64CF67B41ECB664C00E05CD7 /* Sources */,
				64CF67B51ECB664C00E05CD7 /* Frameworks */,
				64CF67B61ECB664C00E05CD7 /* Resources */,
			);
			buildRules = (
			);
			dependencies = (
				64CF67BA1ECB664C00E05CD7 /* PBXTargetDependency */,
			);
			name = MiraclePillTests;
			productName = MiraclePillTests;
			productReference = 64CF67B81ECB664C00E05CD7 /* MiraclePillTests.xctest */;
			productType = "com.apple.product-type.bundle.unit-test";
		};
		64CF67C21ECB664C00E05CD7 /* MiraclePillUITests */ = {
			isa = PBXNativeTarget;
			buildConfigurationList = 64CF67D21ECB664C00E05CD7 /* Build configuration list for PBXNativeTarget "MiraclePillUITests" */;
			buildPhases = (
				64CF67BF1ECB664C00E05CD7 /* Sources */,
				64CF67C01ECB664C00E05CD7 /* Frameworks */,
				64CF67C11ECB664C00E05CD7 /* Resources */,
			);
			buildRules = (
			);
			dependencies = (
				64CF67C51ECB664C00E05CD7 /* PBXTargetDependency */,
			);
			name = MiraclePillUITests;
			productName = MiraclePillUITests;
			productReference = 64CF67C31ECB664C00E05CD7 /* MiraclePillUITests.xctest */;
			productType = "com.apple.product-type.bundle.ui-testing";
		};
/* End PBXNativeTarget section */

/* Begin PBXProject section */
		64CF679C1ECB664B00E05CD7 /* Project object */ = {
			isa = PBXProject;
			attributes = {
				LastSwiftUpdateCheck = 0830;
				LastUpgradeCheck = 0830;
				ORGANIZATIONNAME = "Liquid Workforce";
				TargetAttributes = {
					64CF67A31ECB664C00E05CD7 = {
						CreatedOnToolsVersion = 8.3.2;
						DevelopmentTeam = 86ZEDM223G;
						ProvisioningStyle = Automatic;
					};
					64CF67B71ECB664C00E05CD7 = {
						CreatedOnToolsVersion = 8.3.2;
						DevelopmentTeam = 86ZEDM223G;
						ProvisioningStyle = Automatic;
						TestTargetID = 64CF67A31ECB664C00E05CD7;
					};
					64CF67C21ECB664C00E05CD7 = {
						CreatedOnToolsVersion = 8.3.2;
						DevelopmentTeam = 86ZEDM223G;
						ProvisioningStyle = Automatic;
						TestTargetID = 64CF67A31ECB664C00E05CD7;
					};
				};
			};
			buildConfigurationList = 64CF679F1ECB664B00E05CD7 /* Build configuration list for PBXProject "MiraclePill" */;
			compatibilityVersion = "Xcode 3.2";
			developmentRegion = English;
			hasScannedForEncodings = 0;
			knownRegions = (
				en,
				Base,
			);
			mainGroup = 64CF679B1ECB664B00E05CD7;
			productRefGroup = 64CF67A51ECB664C00E05CD7 /* Products */;
			projectDirPath = "";
			projectRoot = "";
			targets = (
				64CF67A31ECB664C00E05CD7 /* MiraclePill */,
				64CF67B71ECB664C00E05CD7 /* MiraclePillTests */,
				64CF67C21ECB664C00E05CD7 /* MiraclePillUITests */,
			);
		};
/* End PBXProject section */

/* Begin PBXResourcesBuildPhase section */
		64CF67A21ECB664C00E05CD7 /* Resources */ = {
			isa = PBXResourcesBuildPhase;
			buildActionMask = 2147483647;
			files = (
				64CF67B21ECB664C00E05CD7 /* LaunchScreen.storyboard in Resources */,
				64CF67AF1ECB664C00E05CD7 /* Assets.xcassets in Resources */,
				64CF67AD1ECB664C00E05CD7 /* Main.storyboard in Resources */,
			);
			runOnlyForDeploymentPostprocessing = 0;
		};
		64CF67B61ECB664C00E05CD7 /* Resources */ = {
			isa = PBXResourcesBuildPhase;
			buildActionMask = 2147483647;
			files = (
			);
			runOnlyForDeploymentPostprocessing = 0;
		};
		64CF67C11ECB664C00E05CD7 /* Resources */ = {
			isa = PBXResourcesBuildPhase;
			buildActionMask = 2147483647;
			files = (
			);
			runOnlyForDeploymentPostprocessing = 0;
		};
/* End PBXResourcesBuildPhase section */

/* Begin PBXSourcesBuildPhase section */
		64CF67A01ECB664C00E05CD7 /* Sources */ = {
			isa = PBXSourcesBuildPhase;
			buildActionMask = 2147483647;
			files = (
				64CF67AA1ECB664C00E05CD7 /* ViewController.swift in Sources */,
				64CF67A81ECB664C00E05CD7 /* AppDelegate.swift in Sources */,
			);
			runOnlyForDeploymentPostprocessing = 0;
		};
		64CF67B41ECB664C00E05CD7 /* Sources */ = {
			isa = PBXSourcesBuildPhase;
			buildActionMask = 2147483647;
			files = (
				64CF67BD1ECB664C00E05CD7 /* MiraclePillTests.swift in Sources */,
			);
			runOnlyForDeploymentPostprocessing = 0;
		};
		64CF67BF1ECB664C00E05CD7 /* Sources */ = {
			isa = PBXSourcesBuildPhase;
			buildActionMask = 2147483647;
			files = (
				64CF67C81ECB664C00E05CD7 /* MiraclePillUITests.swift in Sources */,
			);
			runOnlyForDeploymentPostprocessing = 0;
		};
/* End PBXSourcesBuildPhase section */

/* Begin PBXTargetDependency section */
		64CF67BA1ECB664C00E05CD7 /* PBXTargetDependency */ = {
			isa = PBXTargetDependency;
			target = 64CF67A31ECB664C00E05CD7 /* MiraclePill */;
			targetProxy = 64CF67B91ECB664C00E05CD7 /* PBXContainerItemProxy */;
		};
		64CF67C51ECB664C00E05CD7 /* PBXTargetDependency */ = {
			isa = PBXTargetDependency;
			target = 64CF67A31ECB664C00E05CD7 /* MiraclePill */;
			targetProxy = 64CF67C41ECB664C00E05CD7 /* PBXContainerItemProxy */;
		};
/* End PBXTargetDependency section */

/* Begin PBXVariantGroup section */
		64CF67AB1ECB664C00E05CD7 /* Main.storyboard */ = {
			isa = PBXVariantGroup;
			children = (
				64CF67AC1ECB664C00E05CD7 /* Base */,
			);
			name = Main.storyboard;
			sourceTree = "<group>";
		};
		64CF67B01ECB664C00E05CD7 /* LaunchScreen.storyboard */ = {
			isa = PBXVariantGroup;
			children = (
				64CF67B11ECB664C00E05CD7 /* Base */,
			);
			name = LaunchScreen.storyboard;
			sourceTree = "<group>";
		};
/* End PBXVariantGroup section */

/* Begin XCBuildConfiguration section */
		64CF67CA1ECB664C00E05CD7 /* Debug */ = {
			isa = XCBuildConfiguration;
			buildSettings = {
				ALWAYS_SEARCH_USER_PATHS = NO;
				CLANG_ANALYZER_NONNULL = YES;
				CLANG_ANALYZER_NUMBER_OBJECT_CONVERSION = YES_AGGRESSIVE;
				CLANG_CXX_LANGUAGE_STANDARD = "gnu++0x";
				CLANG_CXX_LIBRARY = "libc++";
				CLANG_ENABLE_MODULES = YES;
				CLANG_ENABLE_OBJC_ARC = YES;
				CLANG_WARN_BOOL_CONVERSION = YES;
				CLANG_WARN_CONSTANT_CONVERSION = YES;
				CLANG_WARN_DIRECT_OBJC_ISA_USAGE = YES_ERROR;
				CLANG_WARN_DOCUMENTATION_COMMENTS = YES;
				CLANG_WARN_EMPTY_BODY = YES;
				CLANG_WARN_ENUM_CONVERSION = YES;
				CLANG_WARN_INFINITE_RECURSION = YES;
				CLANG_WARN_INT_CONVERSION = YES;
				CLANG_WARN_OBJC_ROOT_CLASS = YES_ERROR;
				CLANG_WARN_SUSPICIOUS_MOVE = YES;
				CLANG_WARN_UNREACHABLE_CODE = YES;
				CLANG_WARN__DUPLICATE_METHOD_MATCH = YES;
				"CODE_SIGN_IDENTITY[sdk=iphoneos*]" = "iPhone Developer";
				COPY_PHASE_STRIP = NO;
				DEBUG_INFORMATION_FORMAT = dwarf;
				ENABLE_STRICT_OBJC_MSGSEND = YES;
				ENABLE_TESTABILITY = YES;
				GCC_C_LANGUAGE_STANDARD = gnu99;
				GCC_DYNAMIC_NO_PIC = NO;
				GCC_NO_COMMON_BLOCKS = YES;
				GCC_OPTIMIZATION_LEVEL = 0;
				GCC_PREPROCESSOR_DEFINITIONS = (
					"DEBUG=1",
					"$(inherited)",
				);
				GCC_WARN_64_TO_32_BIT_CONVERSION = YES;
				GCC_WARN_ABOUT_RETURN_TYPE = YES_ERROR;
				GCC_WARN_UNDECLARED_SELECTOR = YES;
				GCC_WARN_UNINITIALIZED_AUTOS = YES_AGGRESSIVE;
				GCC_WARN_UNUSED_FUNCTION = YES;
				GCC_WARN_UNUSED_VARIABLE = YES;
				IPHONEOS_DEPLOYMENT_TARGET = 10.3;
				MTL_ENABLE_DEBUG_INFO = YES;
				ONLY_ACTIVE_ARCH = YES;
				SDKROOT = iphoneos;
				SWIFT_ACTIVE_COMPILATION_CONDITIONS = DEBUG;
				SWIFT_OPTIMIZATION_LEVEL = "-Onone";
				TARGETED_DEVICE_FAMILY = "1,2";
			};
			name = Debug;
		};
		64CF67CB1ECB664C00E05CD7 /* Release */ = {
			isa = XCBuildConfiguration;
			buildSettings = {
				ALWAYS_SEARCH_USER_PATHS = NO;
				CLANG_ANALYZER_NONNULL = YES;
				CLANG_ANALYZER_NUMBER_OBJECT_CONVERSION = YES_AGGRESSIVE;
				CLANG_CXX_LANGUAGE_STANDARD = "gnu++0x";
				CLANG_CXX_LIBRARY = "libc++";
				CLANG_ENABLE_MODULES = YES;
				CLANG_ENABLE_OBJC_ARC = YES;
				CLANG_WARN_BOOL_CONVERSION = YES;
				CLANG_WARN_CONSTANT_CONVERSION = YES;
				CLANG_WARN_DIRECT_OBJC_ISA_USAGE = YES_ERROR;
				CLANG_WARN_DOCUMENTATION_COMMENTS = YES;
				CLANG_WARN_EMPTY_BODY = YES;
				CLANG_WARN_ENUM_CONVERSION = YES;
				CLANG_WARN_INFINITE_RECURSION = YES;
				CLANG_WARN_INT_CONVERSION = YES;
				CLANG_WARN_OBJC_ROOT_CLASS = YES_ERROR;
				CLANG_WARN_SUSPICIOUS_MOVE = YES;
				CLANG_WARN_UNREACHABLE_CODE = YES;
				CLANG_WARN__DUPLICATE_METHOD_MATCH = YES;
				"CODE_SIGN_IDENTITY[sdk=iphoneos*]" = "iPhone Developer";
				COPY_PHASE_STRIP = NO;
				DEBUG_INFORMATION_FORMAT = "dwarf-with-dsym";
				ENABLE_NS_ASSERTIONS = NO;
				ENABLE_STRICT_OBJC_MSGSEND = YES;
				GCC_C_LANGUAGE_STANDARD = gnu99;
				GCC_NO_COMMON_BLOCKS = YES;
				GCC_WARN_64_TO_32_BIT_CONVERSION = YES;
				GCC_WARN_ABOUT_RETURN_TYPE = YES_ERROR;
				GCC_WARN_UNDECLARED_SELECTOR = YES;
				GCC_WARN_UNINITIALIZED_AUTOS = YES_AGGRESSIVE;
				GCC_WARN_UNUSED_FUNCTION = YES;
				GCC_WARN_UNUSED_VARIABLE = YES;
				IPHONEOS_DEPLOYMENT_TARGET = 10.3;
				MTL_ENABLE_DEBUG_INFO = NO;
				SDKROOT = iphoneos;
				SWIFT_OPTIMIZATION_LEVEL = "-Owholemodule";
				TARGETED_DEVICE_FAMILY = "1,2";
				VALIDATE_PRODUCT = YES;
			};
			name = Release;
		};
		64CF67CD1ECB664C00E05CD7 /* Debug */ = {
			isa = XCBuildConfiguration;
			buildSettings = {
				ASSETCATALOG_COMPILER_APPICON_NAME = AppIcon;
				DEVELOPMENT_TEAM = 86ZEDM223G;
				INFOPLIST_FILE = MiraclePill/Info.plist;
				LD_RUNPATH_SEARCH_PATHS = "$(inherited) @executable_path/Frameworks";
				PRODUCT_BUNDLE_IDENTIFIER = com.demo.MiraclePill;
				PRODUCT_NAME = "$(TARGET_NAME)";
				SWIFT_VERSION = 3.0;
			};
			name = Debug;
		};
		64CF67CE1ECB664C00E05CD7 /* Release */ = {
			isa = XCBuildConfiguration;
			buildSettings = {
				ASSETCATALOG_COMPILER_APPICON_NAME = AppIcon;
				DEVELOPMENT_TEAM = 86ZEDM223G;
				INFOPLIST_FILE = MiraclePill/Info.plist;
				LD_RUNPATH_SEARCH_PATHS = "$(inherited) @executable_path/Frameworks";
				PRODUCT_BUNDLE_IDENTIFIER = com.demo.MiraclePill;
				PRODUCT_NAME = "$(TARGET_NAME)";
				SWIFT_VERSION = 3.0;
			};
			name = Release;
		};
		64CF67D01ECB664C00E05CD7 /* Debug */ = {
			isa = XCBuildConfiguration;
			buildSettings = {
				ALWAYS_EMBED_SWIFT_STANDARD_LIBRARIES = YES;
				BUNDLE_LOADER = "$(TEST_HOST)";
				DEVELOPMENT_TEAM = 86ZEDM223G;
				INFOPLIST_FILE = MiraclePillTests/Info.plist;
				LD_RUNPATH_SEARCH_PATHS = "$(inherited) @executable_path/Frameworks @loader_path/Frameworks";
				PRODUCT_BUNDLE_IDENTIFIER = com.demo.MiraclePillTests;
				PRODUCT_NAME = "$(TARGET_NAME)";
				SWIFT_VERSION = 3.0;
				TEST_HOST = "$(BUILT_PRODUCTS_DIR)/MiraclePill.app/MiraclePill";
			};
			name = Debug;
		};
		64CF67D11ECB664C00E05CD7 /* Release */ = {
			isa = XCBuildConfiguration;
			buildSettings = {
				ALWAYS_EMBED_SWIFT_STANDARD_LIBRARIES = YES;
				BUNDLE_LOADER = "$(TEST_HOST)";
				DEVELOPMENT_TEAM = 86ZEDM223G;
				INFOPLIST_FILE = MiraclePillTests/Info.plist;
				LD_RUNPATH_SEARCH_PATHS = "$(inherited) @executable_path/Frameworks @loader_path/Frameworks";
				PRODUCT_BUNDLE_IDENTIFIER = com.demo.MiraclePillTests;
				PRODUCT_NAME = "$(TARGET_NAME)";
				SWIFT_VERSION = 3.0;
				TEST_HOST = "$(BUILT_PRODUCTS_DIR)/MiraclePill.app/MiraclePill";
			};
			name = Release;
		};
		64CF67D31ECB664C00E05CD7 /* Debug */ = {
			isa = XCBuildConfiguration;
			buildSettings = {
				ALWAYS_EMBED_SWIFT_STANDARD_LIBRARIES = YES;
				DEVELOPMENT_TEAM = 86ZEDM223G;
				INFOPLIST_FILE = MiraclePillUITests/Info.plist;
				LD_RUNPATH_SEARCH_PATHS = "$(inherited) @executable_path/Frameworks @loader_path/Frameworks";
				PRODUCT_BUNDLE_IDENTIFIER = com.demo.MiraclePillUITests;
				PRODUCT_NAME = "$(TARGET_NAME)";
				SWIFT_VERSION = 3.0;
				TEST_TARGET_NAME = MiraclePill;
			};
			name = Debug;
		};
		64CF67D41ECB664C00E05CD7 /* Release */ = {
			isa = XCBuildConfiguration;
			buildSettings = {
				ALWAYS_EMBED_SWIFT_STANDARD_LIBRARIES = YES;
				DEVELOPMENT_TEAM = 86ZEDM223G;
				INFOPLIST_FILE = MiraclePillUITests/Info.plist;
				LD_RUNPATH_SEARCH_PATHS = "$(inherited) @executable_path/Frameworks @loader_path/Frameworks";
				PRODUCT_BUNDLE_IDENTIFIER = com.demo.MiraclePillUITests;
				PRODUCT_NAME = "$(TARGET_NAME)";
				SWIFT_VERSION = 3.0;
				TEST_TARGET_NAME = MiraclePill;
			};
			name = Release;
		};
/* End XCBuildConfiguration section */

/* Begin XCConfigurationList section */
		64CF679F1ECB664B00E05CD7 /* Build configuration list for PBXProject "MiraclePill" */ = {
			isa = XCConfigurationList;
			buildConfigurations = (
				64CF67CA1ECB664C00E05CD7 /* Debug */,
				64CF67CB1ECB664C00E05CD7 /* Release */,
			);
			defaultConfigurationIsVisible = 0;
			defaultConfigurationName = Release;
		};
		64CF67CC1ECB664C00E05CD7 /* Build configuration list for PBXNativeTarget "MiraclePill" */ = {
			isa = XCConfigurationList;
			buildConfigurations = (
				64CF67CD1ECB664C00E05CD7 /* Debug */,
				64CF67CE1ECB664C00E05CD7 /* Release */,
			);
			defaultConfigurationIsVisible = 0;
		};
		64CF67CF1ECB664C00E05CD7 /* Build configuration list for PBXNativeTarget "MiraclePillTests" */ = {
			isa = XCConfigurationList;
			buildConfigurations = (
				64CF67D01ECB664C00E05CD7 /* Debug */,
				64CF67D11ECB664C00E05CD7 /* Release */,
			);
			defaultConfigurationIsVisible = 0;
		};
		64CF67D21ECB664C00E05CD7 /* Build configuration list for PBXNativeTarget "MiraclePillUITests" */ = {
			isa = XCConfigurationList;
			buildConfigurations = (
				64CF67D31ECB664C00E05CD7 /* Debug */,
				64CF67D41ECB664C00E05CD7 /* Release */,
			);
			defaultConfigurationIsVisible = 0;
		};
/* End XCConfigurationList section */
	};
	rootObject = 64CF679C1ECB664B00E05CD7 /* Project object */;
}
